
Microsoft Visual Studio Solution File, Format Version 12.00
# Visual Studio Version 17
VisualStudioVersion = 17.5.33414.496
MinimumVisualStudioVersion = 10.0.40219.1
Project("{FAE04EC0-301F-11D3-BF4B-00C04F79EFBC}") = "WebApi", "WebApi\WebApi.csproj", "{B3A70D21-12A2-414B-A29C-81701CFD38CF}"
EndProject
Project("{FAE04EC0-301F-11D3-BF4B-00C04F79EFBC}") = "WebApp", "WebApp\WebApp.csproj", "{B8059FA1-9353-4FA1-B0D1-BB85A79B26D4}"
EndProject
Global
	GlobalSection(SolutionConfigurationPlatforms) = preSolution
		Debug|Any CPU = Debug|Any CPU
		Release|Any CPU = Release|Any CPU
	EndGlobalSection
	GlobalSection(ProjectConfigurationPlatforms) = postSolution
		{B3A70D21-12A2-414B-A29C-81701CFD38CF}.Debug|Any CPU.ActiveCfg = Debug|Any CPU
		{B3A70D21-12A2-414B-A29C-81701CFD38CF}.Debug|Any CPU.Build.0 = Debug|Any CPU
		{B3A70D21-12A2-414B-A29C-81701CFD38CF}.Release|Any CPU.ActiveCfg = Release|Any CPU
		{B3A70D21-12A2-414B-A29C-81701CFD38CF}.Release|Any CPU.Build.0 = Release|Any CPU
		{B8059FA1-9353-4FA1-B0D1-BB85A79B26D4}.Debug|Any CPU.ActiveCfg = Debug|Any CPU
		{B8059FA1-9353-4FA1-B0D1-BB85A79B26D4}.Debug|Any CPU.Build.0 = Debug|Any CPU
		{B8059FA1-9353-4FA1-B0D1-BB85A79B26D4}.Release|Any CPU.ActiveCfg = Release|Any CPU
		{B8059FA1-9353-4FA1-B0D1-BB85A79B26D4}.Release|Any CPU.Build.0 = Release|Any CPU
	EndGlobalSection
	GlobalSection(SolutionProperties) = preSolution
		HideSolutionNode = FALSE
	EndGlobalSection
	GlobalSection(ExtensibilityGlobals) = postSolution
		SolutionGuid = {486C3A7D-ECA9-4ABE-802A-9D11D44BA681}
	EndGlobalSection
EndGlobal
