
Microsoft Visual Studio Solution File, Format Version 12.00
# Visual Studio Version 17
VisualStudioVersion = 17.4.33213.308
MinimumVisualStudioVersion = 10.0.40219.1
Project("{FAE04EC0-301F-11D3-BF4B-00C04F79EFBC}") = "WebApp", "WebApp\WebApp.csproj", "{A8DAF71E-1503-4476-AFD3-4FB593392B8B}"
EndProject
Global
	GlobalSection(SolutionConfigurationPlatforms) = preSolution
		Debug|Any CPU = Debug|Any CPU
		Release|Any CPU = Release|Any CPU
	EndGlobalSection
	GlobalSection(ProjectConfigurationPlatforms) = postSolution
		{A8DAF71E-1503-4476-AFD3-4FB593392B8B}.Debug|Any CPU.ActiveCfg = Debug|Any CPU
		{A8DAF71E-1503-4476-AFD3-4FB593392B8B}.Debug|Any CPU.Build.0 = Debug|Any CPU
		{A8DAF71E-1503-4476-AFD3-4FB593392B8B}.Release|Any CPU.ActiveCfg = Release|Any CPU
		{A8DAF71E-1503-4476-AFD3-4FB593392B8B}.Release|Any CPU.Build.0 = Release|Any CPU
	EndGlobalSection
	GlobalSection(SolutionProperties) = preSolution
		HideSolutionNode = FALSE
	EndGlobalSection
	GlobalSection(ExtensibilityGlobals) = postSolution
		SolutionGuid = {B54252C7-7220-4B42-804A-EE1676130D7A}
	EndGlobalSection
EndGlobal
