
Microsoft Visual Studio Solution File, Format Version 12.00
# Visual Studio Version 17
VisualStudioVersion = 17.4.33213.308
MinimumVisualStudioVersion = 10.0.40219.1
Project("{FAE04EC0-301F-11D3-BF4B-00C04F79EFBC}") = "00_Repetition", "00_Repetition\00_Repetition.csproj", "{CBA1720E-4D75-4176-AACB-7DC841A06211}"
EndProject
Project("{9A19103F-16F7-4668-BE54-9A1E7A4F7556}") = "01_UmbracoCms", "01_UmbracoCms\01_UmbracoCms.csproj", "{E530B3D9-9C55-478A-9431-2E6DE4A83281}"
EndProject
Project("{FAE04EC0-301F-11D3-BF4B-00C04F79EFBC}") = "02_WebAppWithServices", "02_WebAppWithServices\02_WebAppWithServices.csproj", "{94F82052-BC95-4DE3-A754-CA5E715E100F}"
EndProject
Global
	GlobalSection(SolutionConfigurationPlatforms) = preSolution
		Debug|Any CPU = Debug|Any CPU
		Release|Any CPU = Release|Any CPU
	EndGlobalSection
	GlobalSection(ProjectConfigurationPlatforms) = postSolution
		{CBA1720E-4D75-4176-AACB-7DC841A06211}.Debug|Any CPU.ActiveCfg = Debug|Any CPU
		{CBA1720E-4D75-4176-AACB-7DC841A06211}.Debug|Any CPU.Build.0 = Debug|Any CPU
		{CBA1720E-4D75-4176-AACB-7DC841A06211}.Release|Any CPU.ActiveCfg = Release|Any CPU
		{CBA1720E-4D75-4176-AACB-7DC841A06211}.Release|Any CPU.Build.0 = Release|Any CPU
		{E530B3D9-9C55-478A-9431-2E6DE4A83281}.Debug|Any CPU.ActiveCfg = Debug|Any CPU
		{E530B3D9-9C55-478A-9431-2E6DE4A83281}.Debug|Any CPU.Build.0 = Debug|Any CPU
		{E530B3D9-9C55-478A-9431-2E6DE4A83281}.Release|Any CPU.ActiveCfg = Release|Any CPU
		{E530B3D9-9C55-478A-9431-2E6DE4A83281}.Release|Any CPU.Build.0 = Release|Any CPU
		{94F82052-BC95-4DE3-A754-CA5E715E100F}.Debug|Any CPU.ActiveCfg = Debug|Any CPU
		{94F82052-BC95-4DE3-A754-CA5E715E100F}.Debug|Any CPU.Build.0 = Debug|Any CPU
		{94F82052-BC95-4DE3-A754-CA5E715E100F}.Release|Any CPU.ActiveCfg = Release|Any CPU
		{94F82052-BC95-4DE3-A754-CA5E715E100F}.Release|Any CPU.Build.0 = Release|Any CPU
	EndGlobalSection
	GlobalSection(SolutionProperties) = preSolution
		HideSolutionNode = FALSE
	EndGlobalSection
	GlobalSection(ExtensibilityGlobals) = postSolution
		SolutionGuid = {93B03225-952A-4C4D-83B3-195CB9B02583}
	EndGlobalSection
EndGlobal
